
Microsoft Visual Studio Solution File, Format Version 12.00
# Visual Studio Version 16
VisualStudioVersion = 16.0.31019.35
MinimumVisualStudioVersion = 10.0.40219.1
Project("{9A19103F-16F7-4668-BE54-9A1E7A4F7556}") = "ProjectManager.API", "ApplyJWT\ProjectManager.API.csproj", "{D265B9B1-A982-42C0-BC22-8B583AF84792}"
EndProject
Project("{FAE04EC0-301F-11D3-BF4B-00C04F79EFBC}") = "ProjectManager.Domain", "ConsoleApp1\ProjectManager.Domain.csproj", "{B1680DB3-19D5-4523-9D44-0A2842B67654}"
EndProject
Project("{FAE04EC0-301F-11D3-BF4B-00C04F79EFBC}") = "ProjectManager.Infrastructure", "ProjectManager.Infrastructure\ProjectManager.Infrastructure.csproj", "{67C78C59-CFB2-4523-B1A5-562F9A70BD3F}"
EndProject
Global
	GlobalSection(SolutionConfigurationPlatforms) = preSolution
		Debug|Any CPU = Debug|Any CPU
		Release|Any CPU = Release|Any CPU
	EndGlobalSection
	GlobalSection(ProjectConfigurationPlatforms) = postSolution
		{D265B9B1-A982-42C0-BC22-8B583AF84792}.Debug|Any CPU.ActiveCfg = Debug|Any CPU
		{D265B9B1-A982-42C0-BC22-8B583AF84792}.Debug|Any CPU.Build.0 = Debug|Any CPU
		{D265B9B1-A982-42C0-BC22-8B583AF84792}.Release|Any CPU.ActiveCfg = Release|Any CPU
		{D265B9B1-A982-42C0-BC22-8B583AF84792}.Release|Any CPU.Build.0 = Release|Any CPU
		{B1680DB3-19D5-4523-9D44-0A2842B67654}.Debug|Any CPU.ActiveCfg = Debug|Any CPU
		{B1680DB3-19D5-4523-9D44-0A2842B67654}.Debug|Any CPU.Build.0 = Debug|Any CPU
		{B1680DB3-19D5-4523-9D44-0A2842B67654}.Release|Any CPU.ActiveCfg = Release|Any CPU
		{B1680DB3-19D5-4523-9D44-0A2842B67654}.Release|Any CPU.Build.0 = Release|Any CPU
		{67C78C59-CFB2-4523-B1A5-562F9A70BD3F}.Debug|Any CPU.ActiveCfg = Debug|Any CPU
		{67C78C59-CFB2-4523-B1A5-562F9A70BD3F}.Debug|Any CPU.Build.0 = Debug|Any CPU
		{67C78C59-CFB2-4523-B1A5-562F9A70BD3F}.Release|Any CPU.ActiveCfg = Release|Any CPU
		{67C78C59-CFB2-4523-B1A5-562F9A70BD3F}.Release|Any CPU.Build.0 = Release|Any CPU
	EndGlobalSection
	GlobalSection(SolutionProperties) = preSolution
		HideSolutionNode = FALSE
	EndGlobalSection
	GlobalSection(ExtensibilityGlobals) = postSolution
		SolutionGuid = {0B2951CF-D639-4ECA-ABDF-F486E12079B9}
	EndGlobalSection
EndGlobal
